{
  "nodes": {
    "nixpkgs": {
      "locked": {
        "lastModified": 1665003617,
        "narHash": "sha256-EXkCo9uMi/aGybJ+fhJuCw9mZyyOg24C4d8HrJ/QyFA=",
        "owner": "NixOS",
        "repo": "nixpkgs",
        "rev": "a989aa4619162ff37bcbb8c2fb1e502658647fb2",
        "type": "github"
      },
      "original": {
        "owner": "NixOS",
        "repo": "nixpkgs",
        "type": "github"
      }
    },
    "root": {
      "inputs": {
        "nixpkgs": "nixpkgs"
      }
    }
  },
  "root": "root",
  "version": 7
}
