{
  "nodes": {
    "flake-compat": {
      "flake": false,
      "locked": {
        "lastModified": 1650374568,
        "narHash": "sha256-Z+s0J8/r907g149rllvwhb4pKi8Wam5ij0st8PwAh+E=",
        "owner": "edolstra",
        "repo": "flake-compat",
        "rev": "b4a34015c698c7793d592d66adbab377907a2be8",
        "type": "github"
      },
      "original": {
        "owner": "edolstra",
        "repo": "flake-compat",
        "type": "github"
      }
    },
    "flake-parts": {
      "inputs": {
        "nixpkgs-lib": "nixpkgs-lib"
      },
      "locked": {
        "lastModified": 1665512413,
        "narHash": "sha256-IeuXVWD+VkmdVdC3d2i7mdEWhNSEvc2GUdui09zAGpE=",
        "owner": "hercules-ci",
        "repo": "flake-parts",
        "rev": "08ce9a42392cf8c7fdabf7c51069381ba5455dc7",
        "type": "github"
      },
      "original": {
        "owner": "hercules-ci",
        "repo": "flake-parts",
        "type": "github"
      }
    },
    "flake-utils": {
      "locked": {
        "lastModified": 1659877975,
        "narHash": "sha256-zllb8aq3YO3h8B/U0/J1WBgAL8EX5yWf5pMj3G0NAmc=",
        "owner": "numtide",
        "repo": "flake-utils",
        "rev": "c0e246b9b83f637f4681389ecabcb2681b4f3af0",
        "type": "github"
      },
      "original": {
        "owner": "numtide",
        "repo": "flake-utils",
        "type": "github"
      }
    },
    "napalm": {
      "inputs": {
        "flake-utils": "flake-utils",
        "nixpkgs": [
          "nixpkgs"
        ]
      },
      "locked": {
        "lastModified": 1672245824,
        "narHash": "sha256-i596lbPiA/Rfx3DiJiCluxdgxWY7oGSgYMT7OmM+zik=",
        "owner": "nix-community",
        "repo": "napalm",
        "rev": "7c25a05cef52dc405f4688422ce0046ca94aadcf",
        "type": "github"
      },
      "original": {
        "owner": "nix-community",
        "repo": "napalm",
        "type": "github"
      }
    },
    "nixpkgs": {
      "locked": {
        "lastModified": 1676300157,
        "narHash": "sha256-1HjRzfp6LOLfcj/HJHdVKWAkX9QRAouoh6AjzJiIerU=",
        "owner": "NixOS",
        "repo": "nixpkgs",
        "rev": "545c7a31e5dedea4a6d372712a18e00ce097d462",
        "type": "github"
      },
      "original": {
        "owner": "NixOS",
        "ref": "nixos-unstable",
        "repo": "nixpkgs",
        "type": "github"
      }
    },
    "nixpkgs-lib": {
      "locked": {
        "dir": "lib",
        "lastModified": 1665349835,
        "narHash": "sha256-UK4urM3iN80UXQ7EaOappDzcisYIuEURFRoGQ/yPkug=",
        "owner": "NixOS",
        "repo": "nixpkgs",
        "rev": "34c5293a71ffdb2fe054eb5288adc1882c1eb0b1",
        "type": "github"
      },
      "original": {
        "dir": "lib",
        "owner": "NixOS",
        "ref": "nixos-unstable",
        "repo": "nixpkgs",
        "type": "github"
      }
    },
    "root": {
      "inputs": {
        "flake-compat": "flake-compat",
        "flake-parts": "flake-parts",
        "napalm": "napalm",
        "nixpkgs": "nixpkgs",
        "zitiConsole": "zitiConsole"
      }
    },
    "zitiConsole": {
      "flake": false,
      "locked": {
        "lastModified": 1675602946,
        "narHash": "sha256-5k/h//YC8PBs4drJrYe3Efb30wN+uEK7GJyXq+Y2Yd0=",
        "owner": "openziti",
        "repo": "ziti-console",
        "rev": "a6525823cf5b7c16b04eceb3d0bf13891115fa71",
        "type": "github"
      },
      "original": {
        "owner": "openziti",
        "repo": "ziti-console",
        "type": "github"
      }
    }
  },
  "root": "root",
  "version": 7
}
